{
  "name": "icontest",
  "version": "1.0.0",
  "lockfileVersion": 3,
  "requires": true,
  "packages": {
    "": {
      "name": "icontest",
      "version": "1.0.0",
      "license": "ISC",
      "dependencies": {
        "simple-icons": "^11.3.0"
      },
      "devDependencies": {
        "@types/node": "^20.11.16",
        "typescript": "^5.3.3"
      }
    },
    "node_modules/@types/node": {
      "version": "20.11.18",
      "resolved": "https://registry.npmjs.org/@types/node/-/node-20.11.18.tgz",
      "integrity": "sha512-ABT5VWnnYneSBcNWYSCuR05M826RoMyMSGiFivXGx6ZUIsXb9vn4643IEwkg2zbEOSgAiSogtapN2fgc4mAPlw==",
      "dev": true,
      "dependencies": {
        "undici-types": "~5.26.4"
      }
    },
    "node_modules/simple-icons": {
      "version": "11.4.0",
      "resolved": "https://registry.npmjs.org/simple-icons/-/simple-icons-11.4.0.tgz",
      "integrity": "sha512-f6Y/+qZk8/+qn8NMdOV80MIFYoW0ulaTmtUunZZXB6Ix/01NKoB7yopMzxeZUWtygCr+l75KKSRQo24Db2h0Ug==",
      "engines": {
        "node": ">=0.12.18"
      },
      "funding": {
        "type": "opencollective",
        "url": "https://opencollective.com/simple-icons"
      }
    },
    "node_modules/typescript": {
      "version": "5.3.3",
      "resolved": "https://registry.npmjs.org/typescript/-/typescript-5.3.3.tgz",
      "integrity": "sha512-pXWcraxM0uxAS+tN0AG/BF2TyqmHO014Z070UsJ+pFvYuRSq8KH8DmWpnbXe0pEPDHXZV3FcAbJkijJ5oNEnWw==",
      "dev": true,
      "bin": {
        "tsc": "bin/tsc",
        "tsserver": "bin/tsserver"
      },
      "engines": {
        "node": ">=14.17"
      }
    },
    "node_modules/undici-types": {
      "version": "5.26.5",
      "resolved": "https://registry.npmjs.org/undici-types/-/undici-types-5.26.5.tgz",
      "integrity": "sha512-JlCMO+ehdEIKqlFxk6IfVoAUVmgz7cU7zD/h9XZ0qzeosSHmUJVOzSQvvYSYWXkFXC+IfLKSIffhv0sVZup6pA==",
      "dev": true
    }
  }
}
